schema: '2.0'
stages:
  preprocessing:
    cmd: python src/data/make_dataset.py data/raw/train.csv data/interim/train_postproc.csv
    deps:
    - path: data/raw/train.csv
      md5: 8cf8d6d39aecf7cc6466eb79b0ed6e1b
      size: 805421
    - path: src/data/make_dataset.py
      md5: 934aa546751bdc9334e3916209043a27
      size: 3026
    outs:
    - path: data/interim/train_postproc.csv
      md5: d215c285c2f2929e6a6e733a8146b9f7
      size: 855130
  optimization:
    cmd: python src/models/train_model.py data/interim/train_postproc.csv models/model.clf
    deps:
    - path: data/interim/train_postproc.csv
      md5: d215c285c2f2929e6a6e733a8146b9f7
      size: 855130
    - path: src/models/train_model.py
      md5: 9a4f1cb62cb5a7da9bc415de30b76271
      size: 10346
    outs:
    - path: models/model.clf
      md5: 5c2c0dabff52cc30b4e64df7cfa2a1df
      size: 505443
